
Microsoft Visual Studio Solution File, Format Version 12.00
# Visual Studio Version 17
VisualStudioVersion = 17.4.33213.308
MinimumVisualStudioVersion = 10.0.40219.1
Project("{2150E333-8FDC-42A3-9474-1A3956D46DE8}") = "Solution files", "Solution files", "{5114C3D3-99A7-4A55-8B86-D11292DA5346}"
	ProjectSection(SolutionItems) = preProject
		.gitignore = .gitignore
		azure-pipelines.yml = azure-pipelines.yml
		Directory.Build.props = Directory.Build.props
		LICENSE = LICENSE
		Readme.md = Readme.md
		umbraco-marketplace.json = umbraco-marketplace.json
	EndProjectSection
EndProject
Project("{2150E333-8FDC-42A3-9474-1A3956D46DE8}") = "assets", "assets", "{AB72652E-A769-4C42-A419-8ED696C55860}"
	ProjectSection(SolutionItems) = preProject
		assets\icon-128.png = assets\icon-128.png
		assets\icon-512.png = assets\icon-512.png
		assets\icon.svg = assets\icon.svg
	EndProjectSection
EndProject
Project("{9A19103F-16F7-4668-BE54-9A1E7A4F7556}") = "UkadGroup.UmbracoPackageMapbox", "UkadGroup.UmbracoPackageMapbox\UkadGroup.UmbracoPackageMapbox.csproj", "{43F47294-CF11-4995-88EA-F8DFF01E33E5}"
EndProject
Project("{9A19103F-16F7-4668-BE54-9A1E7A4F7556}") = "UkadGroup.UmbracoPackageMapbox.Core", "UkadGroup.UmbracoPackageMapbox.Core\UkadGroup.UmbracoPackageMapbox.Core.csproj", "{4CF23C93-CAD4-4654-B9B2-646677BFC374}"
EndProject
Project("{9A19103F-16F7-4668-BE54-9A1E7A4F7556}") = "UkadGroup.UmbracoPackageMapbox.StaticAssets", "UkadGroup.UmbracoPackageMapbox.StaticAssets\UkadGroup.UmbracoPackageMapbox.StaticAssets.csproj", "{7F3FFA26-FC5B-45D3-9677-1F35595F6B60}"
EndProject
Project("{9A19103F-16F7-4668-BE54-9A1E7A4F7556}") = "UkadGroup.UmbracoPackageMapbox.Testsite.V10", "UkadGroup.UmbracoPackageMapbox.Testsite.V10\UkadGroup.UmbracoPackageMapbox.Testsite.V10.csproj", "{469CB05C-B45D-4D6E-8E2E-FAFE2D0E4983}"
EndProject
Project("{9A19103F-16F7-4668-BE54-9A1E7A4F7556}") = "UkadGroup.UmbracoPackageMapbox.Testsite.V11", "UkadGroup.UmbracoPackageMapbox.Testsite.V11\UkadGroup.UmbracoPackageMapbox.Testsite.V11.csproj", "{AAF3BB04-63E5-45FF-BA24-F84103E43AE8}"
EndProject
Global
	GlobalSection(SolutionConfigurationPlatforms) = preSolution
		Debug|Any CPU = Debug|Any CPU
		Release|Any CPU = Release|Any CPU
	EndGlobalSection
	GlobalSection(ProjectConfigurationPlatforms) = postSolution
		{43F47294-CF11-4995-88EA-F8DFF01E33E5}.Debug|Any CPU.ActiveCfg = Debug|Any CPU
		{43F47294-CF11-4995-88EA-F8DFF01E33E5}.Debug|Any CPU.Build.0 = Debug|Any CPU
		{43F47294-CF11-4995-88EA-F8DFF01E33E5}.Release|Any CPU.ActiveCfg = Release|Any CPU
		{43F47294-CF11-4995-88EA-F8DFF01E33E5}.Release|Any CPU.Build.0 = Release|Any CPU
		{4CF23C93-CAD4-4654-B9B2-646677BFC374}.Debug|Any CPU.ActiveCfg = Debug|Any CPU
		{4CF23C93-CAD4-4654-B9B2-646677BFC374}.Debug|Any CPU.Build.0 = Debug|Any CPU
		{4CF23C93-CAD4-4654-B9B2-646677BFC374}.Release|Any CPU.ActiveCfg = Release|Any CPU
		{4CF23C93-CAD4-4654-B9B2-646677BFC374}.Release|Any CPU.Build.0 = Release|Any CPU
		{7F3FFA26-FC5B-45D3-9677-1F35595F6B60}.Debug|Any CPU.ActiveCfg = Debug|Any CPU
		{7F3FFA26-FC5B-45D3-9677-1F35595F6B60}.Debug|Any CPU.Build.0 = Debug|Any CPU
		{7F3FFA26-FC5B-45D3-9677-1F35595F6B60}.Release|Any CPU.ActiveCfg = Release|Any CPU
		{7F3FFA26-FC5B-45D3-9677-1F35595F6B60}.Release|Any CPU.Build.0 = Release|Any CPU
		{469CB05C-B45D-4D6E-8E2E-FAFE2D0E4983}.Debug|Any CPU.ActiveCfg = Debug|Any CPU
		{469CB05C-B45D-4D6E-8E2E-FAFE2D0E4983}.Debug|Any CPU.Build.0 = Debug|Any CPU
		{469CB05C-B45D-4D6E-8E2E-FAFE2D0E4983}.Release|Any CPU.ActiveCfg = Release|Any CPU
		{469CB05C-B45D-4D6E-8E2E-FAFE2D0E4983}.Release|Any CPU.Build.0 = Release|Any CPU
		{AAF3BB04-63E5-45FF-BA24-F84103E43AE8}.Debug|Any CPU.ActiveCfg = Debug|Any CPU
		{AAF3BB04-63E5-45FF-BA24-F84103E43AE8}.Debug|Any CPU.Build.0 = Debug|Any CPU
		{AAF3BB04-63E5-45FF-BA24-F84103E43AE8}.Release|Any CPU.ActiveCfg = Release|Any CPU
		{AAF3BB04-63E5-45FF-BA24-F84103E43AE8}.Release|Any CPU.Build.0 = Release|Any CPU
	EndGlobalSection
	GlobalSection(SolutionProperties) = preSolution
		HideSolutionNode = FALSE
	EndGlobalSection
	GlobalSection(NestedProjects) = preSolution
		{AB72652E-A769-4C42-A419-8ED696C55860} = {5114C3D3-99A7-4A55-8B86-D11292DA5346}
	EndGlobalSection
	GlobalSection(ExtensibilityGlobals) = postSolution
		SolutionGuid = {3BB96FCE-065B-44E2-AB57-AFBF330D353B}
	EndGlobalSection
EndGlobal
